// !$*UTF8*$!
{
	archiveVersion = 1;
	classes = {
	};
	objectVersion = 50;
	objects = {

/* Begin PBXBuildFile section */
		D762E56B20C682E5002D5D85 /* AppDelegate.m in Sources */ = {isa = PBXBuildFile; fileRef = D762E56A20C682E5002D5D85 /* AppDelegate.m */; };
		D762E56E20C682E5002D5D85 /* ViewController.m in Sources */ = {isa = PBXBuildFile; fileRef = D762E56D20C682E5002D5D85 /* ViewController.m */; };
		D762E57120C682E5002D5D85 /* Main.storyboard in Resources */ = {isa = PBXBuildFile; fileRef = D762E56F20C682E5002D5D85 /* Main.storyboard */; };
		D762E57320C682ED002D5D85 /* Assets.xcassets in Resources */ = {isa = PBXBuildFile; fileRef = D762E57220C682ED002D5D85 /* Assets.xcassets */; };
		D762E57620C682ED002D5D85 /* LaunchScreen.storyboard in Resources */ = {isa = PBXBuildFile; fileRef = D762E57420C682ED002D5D85 /* LaunchScreen.storyboard */; };
		D762E57920C682ED002D5D85 /* main.m in Sources */ = {isa = PBXBuildFile; fileRef = D762E57820C682ED002D5D85 /* main.m */; };
/* End PBXBuildFile section */

/* Begin PBXFileReference section */
		D762E56620C682E5002D5D85 /* MigrationCheck.app */ = {isa = PBXFileReference; explicitFileType = wrapper.application; includeInIndex = 0; path = MigrationCheck.app; sourceTree = BUILT_PRODUCTS_DIR; };
		D762E56920C682E5002D5D85 /* AppDelegate.h */ = {isa = PBXFileReference; lastKnownFileType = sourcecode.c.h; path = AppDelegate.h; sourceTree = "<group>"; };
		D762E56A20C682E5002D5D85 /* AppDelegate.m */ = {isa = PBXFileReference; lastKnownFileType = sourcecode.c.objc; path = AppDelegate.m; sourceTree = "<group>"; };
		D762E56C20C682E5002D5D85 /* ViewController.h */ = {isa = PBXFileReference; lastKnownFileType = sourcecode.c.h; path = ViewController.h; sourceTree = "<group>"; };
		D762E56D20C682E5002D5D85 /* ViewController.m */ = {isa = PBXFileReference; lastKnownFileType = sourcecode.c.objc; path = ViewController.m; sourceTree = "<group>"; };
		D762E57020C682E5002D5D85 /* Base */ = {isa = PBXFileReference; lastKnownFileType = file.storyboard; name = Base; path = Base.lproj/Main.storyboard; sourceTree = "<group>"; };
		D762E57220C682ED002D5D85 /* Assets.xcassets */ = {isa = PBXFileReference; lastKnownFileType = folder.assetcatalog; path = Assets.xcassets; sourceTree = "<group>"; };
		D762E57520C682ED002D5D85 /* Base */ = {isa = PBXFileReference; lastKnownFileType = file.storyboard; name = Base; path = Base.lproj/LaunchScreen.storyboard; sourceTree = "<group>"; };
		D762E57720C682ED002D5D85 /* Info.plist */ = {isa = PBXFileReference; lastKnownFileType = text.plist.xml; path = Info.plist; sourceTree = "<group>"; };
		D762E57820C682ED002D5D85 /* main.m */ = {isa = PBXFileReference; lastKnownFileType = sourcecode.c.objc; path = main.m; sourceTree = "<group>"; };
/* End PBXFileReference section */

/* Begin PBXFrameworksBuildPhase section */
		D762E56320C682E5002D5D85 /* Frameworks */ = {
			isa = PBXFrameworksBuildPhase;
			buildActionMask = 2147483647;
			files = (
			);
			runOnlyForDeploymentPostprocessing = 0;
		};
/* End PBXFrameworksBuildPhase section */

/* Begin PBXGroup section */
		D762E55D20C682E5002D5D85 = {
			isa = PBXGroup;
			children = (
				D762E56820C682E5002D5D85 /* MigrationCheck */,
				D762E56720C682E5002D5D85 /* Products */,
			);
			sourceTree = "<group>";
		};
		D762E56720C682E5002D5D85 /* Products */ = {
			isa = PBXGroup;
			children = (
				D762E56620C682E5002D5D85 /* MigrationCheck.app */,
			);
			name = Products;
			sourceTree = "<group>";
		};
		D762E56820C682E5002D5D85 /* MigrationCheck */ = {
			isa = PBXGroup;
			children = (
				D762E56920C682E5002D5D85 /* AppDelegate.h */,
				D762E56A20C682E5002D5D85 /* AppDelegate.m */,
				D762E56C20C682E5002D5D85 /* ViewController.h */,
				D762E56D20C682E5002D5D85 /* ViewController.m */,
				D762E56F20C682E5002D5D85 /* Main.storyboard */,
				D762E57220C682ED002D5D85 /* Assets.xcassets */,
				D762E57420C682ED002D5D85 /* LaunchScreen.storyboard */,
				D762E57720C682ED002D5D85 /* Info.plist */,
				D762E57820C682ED002D5D85 /* main.m */,
			);
			path = MigrationCheck;
			sourceTree = "<group>";
		};
/* End PBXGroup section */

/* Begin PBXNativeTarget section */
		D762E56520C682E5002D5D85 /* MigrationCheck */ = {
			isa = PBXNativeTarget;
			buildConfigurationList = D762E57C20C682ED002D5D85 /* Build configuration list for PBXNativeTarget "MigrationCheck" */;
			buildPhases = (
				D762E56220C682E5002D5D85 /* Sources */,
				D762E56320C682E5002D5D85 /* Frameworks */,
				D762E56420C682E5002D5D85 /* Resources */,
			);
			buildRules = (
			);
			dependencies = (
			);
			name = MigrationCheck;
			productName = MigrationCheck;
			productReference = D762E56620C682E5002D5D85 /* MigrationCheck.app */;
			productType = "com.apple.product-type.application";
		};
/* End PBXNativeTarget section */

/* Begin PBXProject section */
		D762E55E20C682E5002D5D85 /* Project object */ = {
			isa = PBXProject;
			attributes = {
				LastUpgradeCheck = 0940;
				ORGANIZATIONNAME = "Nguyen Quoc Dat";
				TargetAttributes = {
					D762E56520C682E5002D5D85 = {
						CreatedOnToolsVersion = 9.4;
					};
				};
			};
			buildConfigurationList = D762E56120C682E5002D5D85 /* Build configuration list for PBXProject "MigrationCheck" */;
			compatibilityVersion = "Xcode 9.3";
			developmentRegion = en;
			hasScannedForEncodings = 0;
			knownRegions = (
				en,
				Base,
			);
			mainGroup = D762E55D20C682E5002D5D85;
			productRefGroup = D762E56720C682E5002D5D85 /* Products */;
			projectDirPath = "";
			projectRoot = "";
			targets = (
				D762E56520C682E5002D5D85 /* MigrationCheck */,
			);
		};
/* End PBXProject section */

/* Begin PBXResourcesBuildPhase section */
		D762E56420C682E5002D5D85 /* Resources */ = {
			isa = PBXResourcesBuildPhase;
			buildActionMask = 2147483647;
			files = (
				D762E57620C682ED002D5D85 /* LaunchScreen.storyboard in Resources */,
				D762E57320C682ED002D5D85 /* Assets.xcassets in Resources */,
				D762E57120C682E5002D5D85 /* Main.storyboard in Resources */,
			);
			runOnlyForDeploymentPostprocessing = 0;
		};
/* End PBXResourcesBuildPhase section */

/* Begin PBXSourcesBuildPhase section */
		D762E56220C682E5002D5D85 /* Sources */ = {
			isa = PBXSourcesBuildPhase;
			buildActionMask = 2147483647;
			files = (
				D762E56E20C682E5002D5D85 /* ViewController.m in Sources */,
				D762E57920C682ED002D5D85 /* main.m in Sources */,
				D762E56B20C682E5002D5D85 /* AppDelegate.m in Sources */,
			);
			runOnlyForDeploymentPostprocessing = 0;
		};
/* End PBXSourcesBuildPhase section */

/* Begin PBXVariantGroup section */
		D762E56F20C682E5002D5D85 /* Main.storyboard */ = {
			isa = PBXVariantGroup;
			children = (
				D762E57020C682E5002D5D85 /* Base */,
			);
			name = Main.storyboard;
			sourceTree = "<group>";
		};
		D762E57420C682ED002D5D85 /* LaunchScreen.storyboard */ = {
			isa = PBXVariantGroup;
			children = (
				D762E57520C682ED002D5D85 /* Base */,
			);
			name = LaunchScreen.storyboard;
			sourceTree = "<group>";
		};
/* End PBXVariantGroup section */

/* Begin XCBuildConfiguration section */
		D762E57A20C682ED002D5D85 /* Debug */ = {
			isa = XCBuildConfiguration;
			buildSettings = {
				ALWAYS_SEARCH_USER_PATHS = NO;
				CLANG_ANALYZER_NONNULL = YES;
				CLANG_ANALYZER_NUMBER_OBJECT_CONVERSION = YES_AGGRESSIVE;
				CLANG_CXX_LANGUAGE_STANDARD = "gnu++14";
				CLANG_CXX_LIBRARY = "libc++";
				CLANG_ENABLE_MODULES = YES;
				CLANG_ENABLE_OBJC_ARC = YES;
				CLANG_ENABLE_OBJC_WEAK = YES;
				CLANG_WARN_BLOCK_CAPTURE_AUTORELEASING = YES;
				CLANG_WARN_BOOL_CONVERSION = YES;
				CLANG_WARN_COMMA = YES;
				CLANG_WARN_CONSTANT_CONVERSION = YES;
				CLANG_WARN_DEPRECATED_OBJC_IMPLEMENTATIONS = YES;
				CLANG_WARN_DIRECT_OBJC_ISA_USAGE = YES_ERROR;
				CLANG_WARN_DOCUMENTATION_COMMENTS = YES;
				CLANG_WARN_EMPTY_BODY = YES;
				CLANG_WARN_ENUM_CONVERSION = YES;
				CLANG_WARN_INFINITE_RECURSION = YES;
				CLANG_WARN_INT_CONVERSION = YES;
				CLANG_WARN_NON_LITERAL_NULL_CONVERSION = YES;
				CLANG_WARN_OBJC_IMPLICIT_RETAIN_SELF = YES;
				CLANG_WARN_OBJC_LITERAL_CONVERSION = YES;
				CLANG_WARN_OBJC_ROOT_CLASS = YES_ERROR;
				CLANG_WARN_RANGE_LOOP_ANALYSIS = YES;
				CLANG_WARN_STRICT_PROTOTYPES = YES;
				CLANG_WARN_SUSPICIOUS_MOVE = YES;
				CLANG_WARN_UNGUARDED_AVAILABILITY = YES_AGGRESSIVE;
				CLANG_WARN_UNREACHABLE_CODE = YES;
				CLANG_WARN__DUPLICATE_METHOD_MATCH = YES;
				CODE_SIGN_IDENTITY = "iPhone Developer";
				COPY_PHASE_STRIP = NO;
				DEBUG_INFORMATION_FORMAT = dwarf;
				ENABLE_STRICT_OBJC_MSGSEND = YES;
				ENABLE_TESTABILITY = YES;
				GCC_C_LANGUAGE_STANDARD = gnu11;
				GCC_DYNAMIC_NO_PIC = NO;
				GCC_NO_COMMON_BLOCKS = YES;
				GCC_OPTIMIZATION_LEVEL = 0;
				GCC_PREPROCESSOR_DEFINITIONS = (
					"DEBUG=1",
					"$(inherited)",
				);
				GCC_WARN_64_TO_32_BIT_CONVERSION = YES;
				GCC_WARN_ABOUT_RETURN_TYPE = YES_ERROR;
				GCC_WARN_UNDECLARED_SELECTOR = YES;
				GCC_WARN_UNINITIALIZED_AUTOS = YES_AGGRESSIVE;
				GCC_WARN_UNUSED_FUNCTION = YES;
				GCC_WARN_UNUSED_VARIABLE = YES;
				IPHONEOS_DEPLOYMENT_TARGET = 11.4;
				MTL_ENABLE_DEBUG_INFO = YES;
				ONLY_ACTIVE_ARCH = YES;
				SDKROOT = iphoneos;
			};
			name = Debug;
		};
		D762E57B20C682ED002D5D85 /* Release */ = {
			isa = XCBuildConfiguration;
			buildSettings = {
				ALWAYS_SEARCH_USER_PATHS = NO;
				CLANG_ANALYZER_NONNULL = YES;
				CLANG_ANALYZER_NUMBER_OBJECT_CONVERSION = YES_AGGRESSIVE;
				CLANG_CXX_LANGUAGE_STANDARD = "gnu++14";
				CLANG_CXX_LIBRARY = "libc++";
				CLANG_ENABLE_MODULES = YES;
				CLANG_ENABLE_OBJC_ARC = YES;
				CLANG_ENABLE_OBJC_WEAK = YES;
				CLANG_WARN_BLOCK_CAPTURE_AUTORELEASING = YES;
				CLANG_WARN_BOOL_CONVERSION = YES;
				CLANG_WARN_COMMA = YES;
				CLANG_WARN_CONSTANT_CONVERSION = YES;
				CLANG_WARN_DEPRECATED_OBJC_IMPLEMENTATIONS = YES;
				CLANG_WARN_DIRECT_OBJC_ISA_USAGE = YES_ERROR;
				CLANG_WARN_DOCUMENTATION_COMMENTS = YES;
				CLANG_WARN_EMPTY_BODY = YES;
				CLANG_WARN_ENUM_CONVERSION = YES;
				CLANG_WARN_INFINITE_RECURSION = YES;
				CLANG_WARN_INT_CONVERSION = YES;
				CLANG_WARN_NON_LITERAL_NULL_CONVERSION = YES;
				CLANG_WARN_OBJC_IMPLICIT_RETAIN_SELF = YES;
				CLANG_WARN_OBJC_LITERAL_CONVERSION = YES;
				CLANG_WARN_OBJC_ROOT_CLASS = YES_ERROR;
				CLANG_WARN_RANGE_LOOP_ANALYSIS = YES;
				CLANG_WARN_STRICT_PROTOTYPES = YES;
				CLANG_WARN_SUSPICIOUS_MOVE = YES;
				CLANG_WARN_UNGUARDED_AVAILABILITY = YES_AGGRESSIVE;
				CLANG_WARN_UNREACHABLE_CODE = YES;
				CLANG_WARN__DUPLICATE_METHOD_MATCH = YES;
				CODE_SIGN_IDENTITY = "iPhone Developer";
				COPY_PHASE_STRIP = NO;
				DEBUG_INFORMATION_FORMAT = "dwarf-with-dsym";
				ENABLE_NS_ASSERTIONS = NO;
				ENABLE_STRICT_OBJC_MSGSEND = YES;
				GCC_C_LANGUAGE_STANDARD = gnu11;
				GCC_NO_COMMON_BLOCKS = YES;
				GCC_WARN_64_TO_32_BIT_CONVERSION = YES;
				GCC_WARN_ABOUT_RETURN_TYPE = YES_ERROR;
				GCC_WARN_UNDECLARED_SELECTOR = YES;
				GCC_WARN_UNINITIALIZED_AUTOS = YES_AGGRESSIVE;
				GCC_WARN_UNUSED_FUNCTION = YES;
				GCC_WARN_UNUSED_VARIABLE = YES;
				IPHONEOS_DEPLOYMENT_TARGET = 11.4;
				MTL_ENABLE_DEBUG_INFO = NO;
				SDKROOT = iphoneos;
				VALIDATE_PRODUCT = YES;
			};
			name = Release;
		};
		D762E57D20C682ED002D5D85 /* Debug */ = {
			isa = XCBuildConfiguration;
			buildSettings = {
				ASSETCATALOG_COMPILER_APPICON_NAME = AppIcon;
				CODE_SIGN_STYLE = Automatic;
				DEVELOPMENT_TEAM = NW59MRMSGE;
				INFOPLIST_FILE = MigrationCheck/Info.plist;
				LD_RUNPATH_SEARCH_PATHS = (
					"$(inherited)",
					"@executable_path/Frameworks",
				);
				PRODUCT_BUNDLE_IDENTIFIER = acruis.MigrationCheck;
				PRODUCT_NAME = "$(TARGET_NAME)";
				TARGETED_DEVICE_FAMILY = "1,2";
			};
			name = Debug;
		};
		D762E57E20C682ED002D5D85 /* Release */ = {
			isa = XCBuildConfiguration;
			buildSettings = {
				ASSETCATALOG_COMPILER_APPICON_NAME = AppIcon;
				CODE_SIGN_STYLE = Automatic;
				DEVELOPMENT_TEAM = NW59MRMSGE;
				INFOPLIST_FILE = MigrationCheck/Info.plist;
				LD_RUNPATH_SEARCH_PATHS = (
					"$(inherited)",
					"@executable_path/Frameworks",
				);
				PRODUCT_BUNDLE_IDENTIFIER = acruis.MigrationCheck;
				PRODUCT_NAME = "$(TARGET_NAME)";
				TARGETED_DEVICE_FAMILY = "1,2";
			};
			name = Release;
		};
/* End XCBuildConfiguration section */

/* Begin XCConfigurationList section */
		D762E56120C682E5002D5D85 /* Build configuration list for PBXProject "MigrationCheck" */ = {
			isa = XCConfigurationList;
			buildConfigurations = (
				D762E57A20C682ED002D5D85 /* Debug */,
				D762E57B20C682ED002D5D85 /* Release */,
			);
			defaultConfigurationIsVisible = 0;
			defaultConfigurationName = Release;
		};
		D762E57C20C682ED002D5D85 /* Build configuration list for PBXNativeTarget "MigrationCheck" */ = {
			isa = XCConfigurationList;
			buildConfigurations = (
				D762E57D20C682ED002D5D85 /* Debug */,
				D762E57E20C682ED002D5D85 /* Release */,
			);
			defaultConfigurationIsVisible = 0;
			defaultConfigurationName = Release;
		};
/* End XCConfigurationList section */
	};
	rootObject = D762E55E20C682E5002D5D85 /* Project object */;
}
