// !$*UTF8*$!
{
	archiveVersion = 1;
	classes = {
	};
	objectVersion = 48;
	objects = {

/* Begin PBXBuildFile section */
		D760C198203C483A0025F131 /* Paralyzer.swift in Sources */ = {isa = PBXBuildFile; fileRef = D760C197203C48390025F131 /* Paralyzer.swift */; };
		D79679F320285D890057D801 /* AppDelegate.swift in Sources */ = {isa = PBXBuildFile; fileRef = D79679F220285D890057D801 /* AppDelegate.swift */; };
		D79679F520285D890057D801 /* ViewController.swift in Sources */ = {isa = PBXBuildFile; fileRef = D79679F420285D890057D801 /* ViewController.swift */; };
		D79679F820285D890057D801 /* Main.storyboard in Resources */ = {isa = PBXBuildFile; fileRef = D79679F620285D890057D801 /* Main.storyboard */; };
		D79679FA20285D890057D801 /* Assets.xcassets in Resources */ = {isa = PBXBuildFile; fileRef = D79679F920285D890057D801 /* Assets.xcassets */; };
		D79679FD20285D890057D801 /* LaunchScreen.storyboard in Resources */ = {isa = PBXBuildFile; fileRef = D79679FB20285D890057D801 /* LaunchScreen.storyboard */; };
		D7EFCE0120299A1B00A1E285 /* Writer.swift in Sources */ = {isa = PBXBuildFile; fileRef = D7EFCE0020299A1B00A1E285 /* Writer.swift */; };
		D7EFCE1B202D84C000A1E285 /* Reader.swift in Sources */ = {isa = PBXBuildFile; fileRef = D7EFCE1A202D84C000A1E285 /* Reader.swift */; };
/* End PBXBuildFile section */

/* Begin PBXFileReference section */
		D760C197203C48390025F131 /* Paralyzer.swift */ = {isa = PBXFileReference; lastKnownFileType = sourcecode.swift; path = Paralyzer.swift; sourceTree = "<group>"; };
		D79679EF20285D890057D801 /* Streams.app */ = {isa = PBXFileReference; explicitFileType = wrapper.application; includeInIndex = 0; path = Streams.app; sourceTree = BUILT_PRODUCTS_DIR; };
		D79679F220285D890057D801 /* AppDelegate.swift */ = {isa = PBXFileReference; lastKnownFileType = sourcecode.swift; path = AppDelegate.swift; sourceTree = "<group>"; };
		D79679F420285D890057D801 /* ViewController.swift */ = {isa = PBXFileReference; lastKnownFileType = sourcecode.swift; path = ViewController.swift; sourceTree = "<group>"; };
		D79679F720285D890057D801 /* Base */ = {isa = PBXFileReference; lastKnownFileType = file.storyboard; name = Base; path = Base.lproj/Main.storyboard; sourceTree = "<group>"; };
		D79679F920285D890057D801 /* Assets.xcassets */ = {isa = PBXFileReference; lastKnownFileType = folder.assetcatalog; path = Assets.xcassets; sourceTree = "<group>"; };
		D79679FC20285D890057D801 /* Base */ = {isa = PBXFileReference; lastKnownFileType = file.storyboard; name = Base; path = Base.lproj/LaunchScreen.storyboard; sourceTree = "<group>"; };
		D79679FE20285D890057D801 /* Info.plist */ = {isa = PBXFileReference; lastKnownFileType = text.plist.xml; path = Info.plist; sourceTree = "<group>"; };
		D7EFCE0020299A1B00A1E285 /* Writer.swift */ = {isa = PBXFileReference; lastKnownFileType = sourcecode.swift; path = Writer.swift; sourceTree = "<group>"; };
		D7EFCE1A202D84C000A1E285 /* Reader.swift */ = {isa = PBXFileReference; lastKnownFileType = sourcecode.swift; path = Reader.swift; sourceTree = "<group>"; };
/* End PBXFileReference section */

/* Begin PBXFrameworksBuildPhase section */
		D79679EC20285D890057D801 /* Frameworks */ = {
			isa = PBXFrameworksBuildPhase;
			buildActionMask = 2147483647;
			files = (
			);
			runOnlyForDeploymentPostprocessing = 0;
		};
/* End PBXFrameworksBuildPhase section */

/* Begin PBXGroup section */
		D79679E620285D890057D801 = {
			isa = PBXGroup;
			children = (
				D79679F120285D890057D801 /* Streams */,
				D79679F020285D890057D801 /* Products */,
			);
			sourceTree = "<group>";
		};
		D79679F020285D890057D801 /* Products */ = {
			isa = PBXGroup;
			children = (
				D79679EF20285D890057D801 /* Streams.app */,
			);
			name = Products;
			sourceTree = "<group>";
		};
		D79679F120285D890057D801 /* Streams */ = {
			isa = PBXGroup;
			children = (
				D79679F220285D890057D801 /* AppDelegate.swift */,
				D79679F420285D890057D801 /* ViewController.swift */,
				D7EFCE0020299A1B00A1E285 /* Writer.swift */,
				D7EFCE1A202D84C000A1E285 /* Reader.swift */,
				D760C197203C48390025F131 /* Paralyzer.swift */,
				D79679F620285D890057D801 /* Main.storyboard */,
				D79679F920285D890057D801 /* Assets.xcassets */,
				D79679FB20285D890057D801 /* LaunchScreen.storyboard */,
				D79679FE20285D890057D801 /* Info.plist */,
			);
			path = Streams;
			sourceTree = "<group>";
		};
/* End PBXGroup section */

/* Begin PBXNativeTarget section */
		D79679EE20285D890057D801 /* Streams */ = {
			isa = PBXNativeTarget;
			buildConfigurationList = D7967A0120285D890057D801 /* Build configuration list for PBXNativeTarget "Streams" */;
			buildPhases = (
				D79679EB20285D890057D801 /* Sources */,
				D79679EC20285D890057D801 /* Frameworks */,
				D79679ED20285D890057D801 /* Resources */,
			);
			buildRules = (
			);
			dependencies = (
			);
			name = Streams;
			productName = Streams;
			productReference = D79679EF20285D890057D801 /* Streams.app */;
			productType = "com.apple.product-type.application";
		};
/* End PBXNativeTarget section */

/* Begin PBXProject section */
		D79679E720285D890057D801 /* Project object */ = {
			isa = PBXProject;
			attributes = {
				LastSwiftUpdateCheck = 0920;
				LastUpgradeCheck = 0920;
				ORGANIZATIONNAME = "Nguyen Quoc Dat";
				TargetAttributes = {
					D79679EE20285D890057D801 = {
						CreatedOnToolsVersion = 9.2;
						ProvisioningStyle = Automatic;
					};
				};
			};
			buildConfigurationList = D79679EA20285D890057D801 /* Build configuration list for PBXProject "Streams" */;
			compatibilityVersion = "Xcode 8.0";
			developmentRegion = en;
			hasScannedForEncodings = 0;
			knownRegions = (
				en,
				Base,
			);
			mainGroup = D79679E620285D890057D801;
			productRefGroup = D79679F020285D890057D801 /* Products */;
			projectDirPath = "";
			projectRoot = "";
			targets = (
				D79679EE20285D890057D801 /* Streams */,
			);
		};
/* End PBXProject section */

/* Begin PBXResourcesBuildPhase section */
		D79679ED20285D890057D801 /* Resources */ = {
			isa = PBXResourcesBuildPhase;
			buildActionMask = 2147483647;
			files = (
				D79679FD20285D890057D801 /* LaunchScreen.storyboard in Resources */,
				D79679FA20285D890057D801 /* Assets.xcassets in Resources */,
				D79679F820285D890057D801 /* Main.storyboard in Resources */,
			);
			runOnlyForDeploymentPostprocessing = 0;
		};
/* End PBXResourcesBuildPhase section */

/* Begin PBXSourcesBuildPhase section */
		D79679EB20285D890057D801 /* Sources */ = {
			isa = PBXSourcesBuildPhase;
			buildActionMask = 2147483647;
			files = (
				D760C198203C483A0025F131 /* Paralyzer.swift in Sources */,
				D7EFCE1B202D84C000A1E285 /* Reader.swift in Sources */,
				D7EFCE0120299A1B00A1E285 /* Writer.swift in Sources */,
				D79679F520285D890057D801 /* ViewController.swift in Sources */,
				D79679F320285D890057D801 /* AppDelegate.swift in Sources */,
			);
			runOnlyForDeploymentPostprocessing = 0;
		};
/* End PBXSourcesBuildPhase section */

/* Begin PBXVariantGroup section */
		D79679F620285D890057D801 /* Main.storyboard */ = {
			isa = PBXVariantGroup;
			children = (
				D79679F720285D890057D801 /* Base */,
			);
			name = Main.storyboard;
			sourceTree = "<group>";
		};
		D79679FB20285D890057D801 /* LaunchScreen.storyboard */ = {
			isa = PBXVariantGroup;
			children = (
				D79679FC20285D890057D801 /* Base */,
			);
			name = LaunchScreen.storyboard;
			sourceTree = "<group>";
		};
/* End PBXVariantGroup section */

/* Begin XCBuildConfiguration section */
		D79679FF20285D890057D801 /* Debug */ = {
			isa = XCBuildConfiguration;
			buildSettings = {
				ALWAYS_SEARCH_USER_PATHS = NO;
				CLANG_ANALYZER_NONNULL = YES;
				CLANG_ANALYZER_NUMBER_OBJECT_CONVERSION = YES_AGGRESSIVE;
				CLANG_CXX_LANGUAGE_STANDARD = "gnu++14";
				CLANG_CXX_LIBRARY = "libc++";
				CLANG_ENABLE_MODULES = YES;
				CLANG_ENABLE_OBJC_ARC = YES;
				CLANG_WARN_BLOCK_CAPTURE_AUTORELEASING = YES;
				CLANG_WARN_BOOL_CONVERSION = YES;
				CLANG_WARN_COMMA = YES;
				CLANG_WARN_CONSTANT_CONVERSION = YES;
				CLANG_WARN_DIRECT_OBJC_ISA_USAGE = YES_ERROR;
				CLANG_WARN_DOCUMENTATION_COMMENTS = YES;
				CLANG_WARN_EMPTY_BODY = YES;
				CLANG_WARN_ENUM_CONVERSION = YES;
				CLANG_WARN_INFINITE_RECURSION = YES;
				CLANG_WARN_INT_CONVERSION = YES;
				CLANG_WARN_NON_LITERAL_NULL_CONVERSION = YES;
				CLANG_WARN_OBJC_LITERAL_CONVERSION = YES;
				CLANG_WARN_OBJC_ROOT_CLASS = YES_ERROR;
				CLANG_WARN_RANGE_LOOP_ANALYSIS = YES;
				CLANG_WARN_STRICT_PROTOTYPES = YES;
				CLANG_WARN_SUSPICIOUS_MOVE = YES;
				CLANG_WARN_UNGUARDED_AVAILABILITY = YES_AGGRESSIVE;
				CLANG_WARN_UNREACHABLE_CODE = YES;
				CLANG_WARN__DUPLICATE_METHOD_MATCH = YES;
				CODE_SIGN_IDENTITY = "iPhone Developer";
				COPY_PHASE_STRIP = NO;
				DEBUG_INFORMATION_FORMAT = dwarf;
				ENABLE_STRICT_OBJC_MSGSEND = YES;
				ENABLE_TESTABILITY = YES;
				GCC_C_LANGUAGE_STANDARD = gnu11;
				GCC_DYNAMIC_NO_PIC = NO;
				GCC_NO_COMMON_BLOCKS = YES;
				GCC_OPTIMIZATION_LEVEL = 0;
				GCC_PREPROCESSOR_DEFINITIONS = (
					"DEBUG=1",
					"$(inherited)",
				);
				GCC_WARN_64_TO_32_BIT_CONVERSION = YES;
				GCC_WARN_ABOUT_RETURN_TYPE = YES_ERROR;
				GCC_WARN_UNDECLARED_SELECTOR = YES;
				GCC_WARN_UNINITIALIZED_AUTOS = YES_AGGRESSIVE;
				GCC_WARN_UNUSED_FUNCTION = YES;
				GCC_WARN_UNUSED_VARIABLE = YES;
				IPHONEOS_DEPLOYMENT_TARGET = 11.2;
				MTL_ENABLE_DEBUG_INFO = YES;
				ONLY_ACTIVE_ARCH = YES;
				SDKROOT = iphoneos;
				SWIFT_ACTIVE_COMPILATION_CONDITIONS = DEBUG;
				SWIFT_OPTIMIZATION_LEVEL = "-Onone";
			};
			name = Debug;
		};
		D7967A0020285D890057D801 /* Release */ = {
			isa = XCBuildConfiguration;
			buildSettings = {
				ALWAYS_SEARCH_USER_PATHS = NO;
				CLANG_ANALYZER_NONNULL = YES;
				CLANG_ANALYZER_NUMBER_OBJECT_CONVERSION = YES_AGGRESSIVE;
				CLANG_CXX_LANGUAGE_STANDARD = "gnu++14";
				CLANG_CXX_LIBRARY = "libc++";
				CLANG_ENABLE_MODULES = YES;
				CLANG_ENABLE_OBJC_ARC = YES;
				CLANG_WARN_BLOCK_CAPTURE_AUTORELEASING = YES;
				CLANG_WARN_BOOL_CONVERSION = YES;
				CLANG_WARN_COMMA = YES;
				CLANG_WARN_CONSTANT_CONVERSION = YES;
				CLANG_WARN_DIRECT_OBJC_ISA_USAGE = YES_ERROR;
				CLANG_WARN_DOCUMENTATION_COMMENTS = YES;
				CLANG_WARN_EMPTY_BODY = YES;
				CLANG_WARN_ENUM_CONVERSION = YES;
				CLANG_WARN_INFINITE_RECURSION = YES;
				CLANG_WARN_INT_CONVERSION = YES;
				CLANG_WARN_NON_LITERAL_NULL_CONVERSION = YES;
				CLANG_WARN_OBJC_LITERAL_CONVERSION = YES;
				CLANG_WARN_OBJC_ROOT_CLASS = YES_ERROR;
				CLANG_WARN_RANGE_LOOP_ANALYSIS = YES;
				CLANG_WARN_STRICT_PROTOTYPES = YES;
				CLANG_WARN_SUSPICIOUS_MOVE = YES;
				CLANG_WARN_UNGUARDED_AVAILABILITY = YES_AGGRESSIVE;
				CLANG_WARN_UNREACHABLE_CODE = YES;
				CLANG_WARN__DUPLICATE_METHOD_MATCH = YES;
				CODE_SIGN_IDENTITY = "iPhone Developer";
				COPY_PHASE_STRIP = NO;
				DEBUG_INFORMATION_FORMAT = "dwarf-with-dsym";
				ENABLE_NS_ASSERTIONS = NO;
				ENABLE_STRICT_OBJC_MSGSEND = YES;
				GCC_C_LANGUAGE_STANDARD = gnu11;
				GCC_NO_COMMON_BLOCKS = YES;
				GCC_WARN_64_TO_32_BIT_CONVERSION = YES;
				GCC_WARN_ABOUT_RETURN_TYPE = YES_ERROR;
				GCC_WARN_UNDECLARED_SELECTOR = YES;
				GCC_WARN_UNINITIALIZED_AUTOS = YES_AGGRESSIVE;
				GCC_WARN_UNUSED_FUNCTION = YES;
				GCC_WARN_UNUSED_VARIABLE = YES;
				IPHONEOS_DEPLOYMENT_TARGET = 11.2;
				MTL_ENABLE_DEBUG_INFO = NO;
				SDKROOT = iphoneos;
				SWIFT_OPTIMIZATION_LEVEL = "-Owholemodule";
				VALIDATE_PRODUCT = YES;
			};
			name = Release;
		};
		D7967A0220285D890057D801 /* Debug */ = {
			isa = XCBuildConfiguration;
			buildSettings = {
				ASSETCATALOG_COMPILER_APPICON_NAME = AppIcon;
				CODE_SIGN_STYLE = Automatic;
				DEVELOPMENT_TEAM = NW59MRMSGE;
				INFOPLIST_FILE = Streams/Info.plist;
				IPHONEOS_DEPLOYMENT_TARGET = 8.0;
				LD_RUNPATH_SEARCH_PATHS = "$(inherited) @executable_path/Frameworks";
				PRODUCT_BUNDLE_IDENTIFIER = acruis.Streams;
				PRODUCT_NAME = "$(TARGET_NAME)";
				SWIFT_VERSION = 4.0;
				TARGETED_DEVICE_FAMILY = "1,2";
			};
			name = Debug;
		};
		D7967A0320285D890057D801 /* Release */ = {
			isa = XCBuildConfiguration;
			buildSettings = {
				ASSETCATALOG_COMPILER_APPICON_NAME = AppIcon;
				CODE_SIGN_STYLE = Automatic;
				DEVELOPMENT_TEAM = NW59MRMSGE;
				INFOPLIST_FILE = Streams/Info.plist;
				IPHONEOS_DEPLOYMENT_TARGET = 8.0;
				LD_RUNPATH_SEARCH_PATHS = "$(inherited) @executable_path/Frameworks";
				PRODUCT_BUNDLE_IDENTIFIER = acruis.Streams;
				PRODUCT_NAME = "$(TARGET_NAME)";
				SWIFT_VERSION = 4.0;
				TARGETED_DEVICE_FAMILY = "1,2";
			};
			name = Release;
		};
/* End XCBuildConfiguration section */

/* Begin XCConfigurationList section */
		D79679EA20285D890057D801 /* Build configuration list for PBXProject "Streams" */ = {
			isa = XCConfigurationList;
			buildConfigurations = (
				D79679FF20285D890057D801 /* Debug */,
				D7967A0020285D890057D801 /* Release */,
			);
			defaultConfigurationIsVisible = 0;
			defaultConfigurationName = Release;
		};
		D7967A0120285D890057D801 /* Build configuration list for PBXNativeTarget "Streams" */ = {
			isa = XCConfigurationList;
			buildConfigurations = (
				D7967A0220285D890057D801 /* Debug */,
				D7967A0320285D890057D801 /* Release */,
			);
			defaultConfigurationIsVisible = 0;
			defaultConfigurationName = Release;
		};
/* End XCConfigurationList section */
	};
	rootObject = D79679E720285D890057D801 /* Project object */;
}
