// !$*UTF8*$!
{
	archiveVersion = 1;
	classes = {
	};
	objectVersion = 50;
	objects = {

/* Begin PBXBuildFile section */
		D72349FD266F317E00B33EED /* wiki_logo.jpeg in Resources */ = {isa = PBXBuildFile; fileRef = D72349FC266F317D00B33EED /* wiki_logo.jpeg */; };
		D7620CFC266E903900D8F30D /* AppDelegate.m in Sources */ = {isa = PBXBuildFile; fileRef = D7620CFB266E903900D8F30D /* AppDelegate.m */; };
		D7620CFF266E903900D8F30D /* SceneDelegate.m in Sources */ = {isa = PBXBuildFile; fileRef = D7620CFE266E903900D8F30D /* SceneDelegate.m */; };
		D7620D02266E903900D8F30D /* ViewController.m in Sources */ = {isa = PBXBuildFile; fileRef = D7620D01266E903900D8F30D /* ViewController.m */; };
		D7620D05266E903900D8F30D /* Main.storyboard in Resources */ = {isa = PBXBuildFile; fileRef = D7620D03266E903900D8F30D /* Main.storyboard */; };
		D7620D07266E903B00D8F30D /* Assets.xcassets in Resources */ = {isa = PBXBuildFile; fileRef = D7620D06266E903B00D8F30D /* Assets.xcassets */; };
		D7620D0A266E903B00D8F30D /* LaunchScreen.storyboard in Resources */ = {isa = PBXBuildFile; fileRef = D7620D08266E903B00D8F30D /* LaunchScreen.storyboard */; };
		D7620D0D266E903B00D8F30D /* main.m in Sources */ = {isa = PBXBuildFile; fileRef = D7620D0C266E903B00D8F30D /* main.m */; };
/* End PBXBuildFile section */

/* Begin PBXFileReference section */
		D72349FC266F317D00B33EED /* wiki_logo.jpeg */ = {isa = PBXFileReference; lastKnownFileType = image.jpeg; path = wiki_logo.jpeg; sourceTree = "<group>"; };
		D7620CF7266E903900D8F30D /* iOS10MessageSharing.app */ = {isa = PBXFileReference; explicitFileType = wrapper.application; includeInIndex = 0; path = iOS10MessageSharing.app; sourceTree = BUILT_PRODUCTS_DIR; };
		D7620CFA266E903900D8F30D /* AppDelegate.h */ = {isa = PBXFileReference; lastKnownFileType = sourcecode.c.h; path = AppDelegate.h; sourceTree = "<group>"; };
		D7620CFB266E903900D8F30D /* AppDelegate.m */ = {isa = PBXFileReference; lastKnownFileType = sourcecode.c.objc; path = AppDelegate.m; sourceTree = "<group>"; };
		D7620CFD266E903900D8F30D /* SceneDelegate.h */ = {isa = PBXFileReference; lastKnownFileType = sourcecode.c.h; path = SceneDelegate.h; sourceTree = "<group>"; };
		D7620CFE266E903900D8F30D /* SceneDelegate.m */ = {isa = PBXFileReference; lastKnownFileType = sourcecode.c.objc; path = SceneDelegate.m; sourceTree = "<group>"; };
		D7620D00266E903900D8F30D /* ViewController.h */ = {isa = PBXFileReference; lastKnownFileType = sourcecode.c.h; path = ViewController.h; sourceTree = "<group>"; };
		D7620D01266E903900D8F30D /* ViewController.m */ = {isa = PBXFileReference; lastKnownFileType = sourcecode.c.objc; path = ViewController.m; sourceTree = "<group>"; };
		D7620D04266E903900D8F30D /* Base */ = {isa = PBXFileReference; lastKnownFileType = file.storyboard; name = Base; path = Base.lproj/Main.storyboard; sourceTree = "<group>"; };
		D7620D06266E903B00D8F30D /* Assets.xcassets */ = {isa = PBXFileReference; lastKnownFileType = folder.assetcatalog; path = Assets.xcassets; sourceTree = "<group>"; };
		D7620D09266E903B00D8F30D /* Base */ = {isa = PBXFileReference; lastKnownFileType = file.storyboard; name = Base; path = Base.lproj/LaunchScreen.storyboard; sourceTree = "<group>"; };
		D7620D0B266E903B00D8F30D /* Info.plist */ = {isa = PBXFileReference; lastKnownFileType = text.plist.xml; path = Info.plist; sourceTree = "<group>"; };
		D7620D0C266E903B00D8F30D /* main.m */ = {isa = PBXFileReference; lastKnownFileType = sourcecode.c.objc; path = main.m; sourceTree = "<group>"; };
/* End PBXFileReference section */

/* Begin PBXFrameworksBuildPhase section */
		D7620CF4266E903900D8F30D /* Frameworks */ = {
			isa = PBXFrameworksBuildPhase;
			buildActionMask = 2147483647;
			files = (
			);
			runOnlyForDeploymentPostprocessing = 0;
		};
/* End PBXFrameworksBuildPhase section */

/* Begin PBXGroup section */
		D7620CEE266E903800D8F30D = {
			isa = PBXGroup;
			children = (
				D7620CF9266E903900D8F30D /* iOS10MessageSharing */,
				D7620CF8266E903900D8F30D /* Products */,
			);
			sourceTree = "<group>";
		};
		D7620CF8266E903900D8F30D /* Products */ = {
			isa = PBXGroup;
			children = (
				D7620CF7266E903900D8F30D /* iOS10MessageSharing.app */,
			);
			name = Products;
			sourceTree = "<group>";
		};
		D7620CF9266E903900D8F30D /* iOS10MessageSharing */ = {
			isa = PBXGroup;
			children = (
				D7620CFA266E903900D8F30D /* AppDelegate.h */,
				D7620CFB266E903900D8F30D /* AppDelegate.m */,
				D7620CFD266E903900D8F30D /* SceneDelegate.h */,
				D7620CFE266E903900D8F30D /* SceneDelegate.m */,
				D7620D00266E903900D8F30D /* ViewController.h */,
				D7620D01266E903900D8F30D /* ViewController.m */,
				D7620D03266E903900D8F30D /* Main.storyboard */,
				D7620D06266E903B00D8F30D /* Assets.xcassets */,
				D7620D08266E903B00D8F30D /* LaunchScreen.storyboard */,
				D7620D0B266E903B00D8F30D /* Info.plist */,
				D7620D0C266E903B00D8F30D /* main.m */,
				D72349FC266F317D00B33EED /* wiki_logo.jpeg */,
			);
			path = iOS10MessageSharing;
			sourceTree = "<group>";
		};
/* End PBXGroup section */

/* Begin PBXNativeTarget section */
		D7620CF6266E903900D8F30D /* iOS10MessageSharing */ = {
			isa = PBXNativeTarget;
			buildConfigurationList = D7620D10266E903B00D8F30D /* Build configuration list for PBXNativeTarget "iOS10MessageSharing" */;
			buildPhases = (
				D7620CF3266E903900D8F30D /* Sources */,
				D7620CF4266E903900D8F30D /* Frameworks */,
				D7620CF5266E903900D8F30D /* Resources */,
			);
			buildRules = (
			);
			dependencies = (
			);
			name = iOS10MessageSharing;
			productName = iOS10MessageSharing;
			productReference = D7620CF7266E903900D8F30D /* iOS10MessageSharing.app */;
			productType = "com.apple.product-type.application";
		};
/* End PBXNativeTarget section */

/* Begin PBXProject section */
		D7620CEF266E903900D8F30D /* Project object */ = {
			isa = PBXProject;
			attributes = {
				LastUpgradeCheck = 1220;
				TargetAttributes = {
					D7620CF6266E903900D8F30D = {
						CreatedOnToolsVersion = 12.2;
					};
				};
			};
			buildConfigurationList = D7620CF2266E903900D8F30D /* Build configuration list for PBXProject "iOS10MessageSharing" */;
			compatibilityVersion = "Xcode 9.3";
			developmentRegion = en;
			hasScannedForEncodings = 0;
			knownRegions = (
				en,
				Base,
			);
			mainGroup = D7620CEE266E903800D8F30D;
			productRefGroup = D7620CF8266E903900D8F30D /* Products */;
			projectDirPath = "";
			projectRoot = "";
			targets = (
				D7620CF6266E903900D8F30D /* iOS10MessageSharing */,
			);
		};
/* End PBXProject section */

/* Begin PBXResourcesBuildPhase section */
		D7620CF5266E903900D8F30D /* Resources */ = {
			isa = PBXResourcesBuildPhase;
			buildActionMask = 2147483647;
			files = (
				D7620D0A266E903B00D8F30D /* LaunchScreen.storyboard in Resources */,
				D72349FD266F317E00B33EED /* wiki_logo.jpeg in Resources */,
				D7620D07266E903B00D8F30D /* Assets.xcassets in Resources */,
				D7620D05266E903900D8F30D /* Main.storyboard in Resources */,
			);
			runOnlyForDeploymentPostprocessing = 0;
		};
/* End PBXResourcesBuildPhase section */

/* Begin PBXSourcesBuildPhase section */
		D7620CF3266E903900D8F30D /* Sources */ = {
			isa = PBXSourcesBuildPhase;
			buildActionMask = 2147483647;
			files = (
				D7620D02266E903900D8F30D /* ViewController.m in Sources */,
				D7620CFC266E903900D8F30D /* AppDelegate.m in Sources */,
				D7620D0D266E903B00D8F30D /* main.m in Sources */,
				D7620CFF266E903900D8F30D /* SceneDelegate.m in Sources */,
			);
			runOnlyForDeploymentPostprocessing = 0;
		};
/* End PBXSourcesBuildPhase section */

/* Begin PBXVariantGroup section */
		D7620D03266E903900D8F30D /* Main.storyboard */ = {
			isa = PBXVariantGroup;
			children = (
				D7620D04266E903900D8F30D /* Base */,
			);
			name = Main.storyboard;
			sourceTree = "<group>";
		};
		D7620D08266E903B00D8F30D /* LaunchScreen.storyboard */ = {
			isa = PBXVariantGroup;
			children = (
				D7620D09266E903B00D8F30D /* Base */,
			);
			name = LaunchScreen.storyboard;
			sourceTree = "<group>";
		};
/* End PBXVariantGroup section */

/* Begin XCBuildConfiguration section */
		D7620D0E266E903B00D8F30D /* Debug */ = {
			isa = XCBuildConfiguration;
			buildSettings = {
				ALWAYS_SEARCH_USER_PATHS = NO;
				CLANG_ANALYZER_NONNULL = YES;
				CLANG_ANALYZER_NUMBER_OBJECT_CONVERSION = YES_AGGRESSIVE;
				CLANG_CXX_LANGUAGE_STANDARD = "gnu++14";
				CLANG_CXX_LIBRARY = "libc++";
				CLANG_ENABLE_MODULES = YES;
				CLANG_ENABLE_OBJC_ARC = YES;
				CLANG_ENABLE_OBJC_WEAK = YES;
				CLANG_WARN_BLOCK_CAPTURE_AUTORELEASING = YES;
				CLANG_WARN_BOOL_CONVERSION = YES;
				CLANG_WARN_COMMA = YES;
				CLANG_WARN_CONSTANT_CONVERSION = YES;
				CLANG_WARN_DEPRECATED_OBJC_IMPLEMENTATIONS = YES;
				CLANG_WARN_DIRECT_OBJC_ISA_USAGE = YES_ERROR;
				CLANG_WARN_DOCUMENTATION_COMMENTS = YES;
				CLANG_WARN_EMPTY_BODY = YES;
				CLANG_WARN_ENUM_CONVERSION = YES;
				CLANG_WARN_INFINITE_RECURSION = YES;
				CLANG_WARN_INT_CONVERSION = YES;
				CLANG_WARN_NON_LITERAL_NULL_CONVERSION = YES;
				CLANG_WARN_OBJC_IMPLICIT_RETAIN_SELF = YES;
				CLANG_WARN_OBJC_LITERAL_CONVERSION = YES;
				CLANG_WARN_OBJC_ROOT_CLASS = YES_ERROR;
				CLANG_WARN_QUOTED_INCLUDE_IN_FRAMEWORK_HEADER = YES;
				CLANG_WARN_RANGE_LOOP_ANALYSIS = YES;
				CLANG_WARN_STRICT_PROTOTYPES = YES;
				CLANG_WARN_SUSPICIOUS_MOVE = YES;
				CLANG_WARN_UNGUARDED_AVAILABILITY = YES_AGGRESSIVE;
				CLANG_WARN_UNREACHABLE_CODE = YES;
				CLANG_WARN__DUPLICATE_METHOD_MATCH = YES;
				COPY_PHASE_STRIP = NO;
				DEBUG_INFORMATION_FORMAT = dwarf;
				ENABLE_STRICT_OBJC_MSGSEND = YES;
				ENABLE_TESTABILITY = YES;
				GCC_C_LANGUAGE_STANDARD = gnu11;
				GCC_DYNAMIC_NO_PIC = NO;
				GCC_NO_COMMON_BLOCKS = YES;
				GCC_OPTIMIZATION_LEVEL = 0;
				GCC_PREPROCESSOR_DEFINITIONS = (
					"DEBUG=1",
					"$(inherited)",
				);
				GCC_WARN_64_TO_32_BIT_CONVERSION = YES;
				GCC_WARN_ABOUT_RETURN_TYPE = YES_ERROR;
				GCC_WARN_UNDECLARED_SELECTOR = YES;
				GCC_WARN_UNINITIALIZED_AUTOS = YES_AGGRESSIVE;
				GCC_WARN_UNUSED_FUNCTION = YES;
				GCC_WARN_UNUSED_VARIABLE = YES;
				IPHONEOS_DEPLOYMENT_TARGET = 14.2;
				MTL_ENABLE_DEBUG_INFO = INCLUDE_SOURCE;
				MTL_FAST_MATH = YES;
				ONLY_ACTIVE_ARCH = YES;
				SDKROOT = iphoneos;
			};
			name = Debug;
		};
		D7620D0F266E903B00D8F30D /* Release */ = {
			isa = XCBuildConfiguration;
			buildSettings = {
				ALWAYS_SEARCH_USER_PATHS = NO;
				CLANG_ANALYZER_NONNULL = YES;
				CLANG_ANALYZER_NUMBER_OBJECT_CONVERSION = YES_AGGRESSIVE;
				CLANG_CXX_LANGUAGE_STANDARD = "gnu++14";
				CLANG_CXX_LIBRARY = "libc++";
				CLANG_ENABLE_MODULES = YES;
				CLANG_ENABLE_OBJC_ARC = YES;
				CLANG_ENABLE_OBJC_WEAK = YES;
				CLANG_WARN_BLOCK_CAPTURE_AUTORELEASING = YES;
				CLANG_WARN_BOOL_CONVERSION = YES;
				CLANG_WARN_COMMA = YES;
				CLANG_WARN_CONSTANT_CONVERSION = YES;
				CLANG_WARN_DEPRECATED_OBJC_IMPLEMENTATIONS = YES;
				CLANG_WARN_DIRECT_OBJC_ISA_USAGE = YES_ERROR;
				CLANG_WARN_DOCUMENTATION_COMMENTS = YES;
				CLANG_WARN_EMPTY_BODY = YES;
				CLANG_WARN_ENUM_CONVERSION = YES;
				CLANG_WARN_INFINITE_RECURSION = YES;
				CLANG_WARN_INT_CONVERSION = YES;
				CLANG_WARN_NON_LITERAL_NULL_CONVERSION = YES;
				CLANG_WARN_OBJC_IMPLICIT_RETAIN_SELF = YES;
				CLANG_WARN_OBJC_LITERAL_CONVERSION = YES;
				CLANG_WARN_OBJC_ROOT_CLASS = YES_ERROR;
				CLANG_WARN_QUOTED_INCLUDE_IN_FRAMEWORK_HEADER = YES;
				CLANG_WARN_RANGE_LOOP_ANALYSIS = YES;
				CLANG_WARN_STRICT_PROTOTYPES = YES;
				CLANG_WARN_SUSPICIOUS_MOVE = YES;
				CLANG_WARN_UNGUARDED_AVAILABILITY = YES_AGGRESSIVE;
				CLANG_WARN_UNREACHABLE_CODE = YES;
				CLANG_WARN__DUPLICATE_METHOD_MATCH = YES;
				COPY_PHASE_STRIP = NO;
				DEBUG_INFORMATION_FORMAT = "dwarf-with-dsym";
				ENABLE_NS_ASSERTIONS = NO;
				ENABLE_STRICT_OBJC_MSGSEND = YES;
				GCC_C_LANGUAGE_STANDARD = gnu11;
				GCC_NO_COMMON_BLOCKS = YES;
				GCC_WARN_64_TO_32_BIT_CONVERSION = YES;
				GCC_WARN_ABOUT_RETURN_TYPE = YES_ERROR;
				GCC_WARN_UNDECLARED_SELECTOR = YES;
				GCC_WARN_UNINITIALIZED_AUTOS = YES_AGGRESSIVE;
				GCC_WARN_UNUSED_FUNCTION = YES;
				GCC_WARN_UNUSED_VARIABLE = YES;
				IPHONEOS_DEPLOYMENT_TARGET = 14.2;
				MTL_ENABLE_DEBUG_INFO = NO;
				MTL_FAST_MATH = YES;
				SDKROOT = iphoneos;
				VALIDATE_PRODUCT = YES;
			};
			name = Release;
		};
		D7620D11266E903B00D8F30D /* Debug */ = {
			isa = XCBuildConfiguration;
			buildSettings = {
				ASSETCATALOG_COMPILER_APPICON_NAME = AppIcon;
				ASSETCATALOG_COMPILER_GLOBAL_ACCENT_COLOR_NAME = AccentColor;
				CODE_SIGN_STYLE = Automatic;
				DEVELOPMENT_TEAM = NW59MRMSGE;
				INFOPLIST_FILE = iOS10MessageSharing/Info.plist;
				IPHONEOS_DEPLOYMENT_TARGET = 10.0;
				LD_RUNPATH_SEARCH_PATHS = (
					"$(inherited)",
					"@executable_path/Frameworks",
				);
				PRODUCT_BUNDLE_IDENTIFIER = acruis.iOS10MessageSharing;
				PRODUCT_NAME = "$(TARGET_NAME)";
				TARGETED_DEVICE_FAMILY = 1;
			};
			name = Debug;
		};
		D7620D12266E903B00D8F30D /* Release */ = {
			isa = XCBuildConfiguration;
			buildSettings = {
				ASSETCATALOG_COMPILER_APPICON_NAME = AppIcon;
				ASSETCATALOG_COMPILER_GLOBAL_ACCENT_COLOR_NAME = AccentColor;
				CODE_SIGN_STYLE = Automatic;
				DEVELOPMENT_TEAM = NW59MRMSGE;
				INFOPLIST_FILE = iOS10MessageSharing/Info.plist;
				IPHONEOS_DEPLOYMENT_TARGET = 10.0;
				LD_RUNPATH_SEARCH_PATHS = (
					"$(inherited)",
					"@executable_path/Frameworks",
				);
				PRODUCT_BUNDLE_IDENTIFIER = acruis.iOS10MessageSharing;
				PRODUCT_NAME = "$(TARGET_NAME)";
				TARGETED_DEVICE_FAMILY = 1;
			};
			name = Release;
		};
/* End XCBuildConfiguration section */

/* Begin XCConfigurationList section */
		D7620CF2266E903900D8F30D /* Build configuration list for PBXProject "iOS10MessageSharing" */ = {
			isa = XCConfigurationList;
			buildConfigurations = (
				D7620D0E266E903B00D8F30D /* Debug */,
				D7620D0F266E903B00D8F30D /* Release */,
			);
			defaultConfigurationIsVisible = 0;
			defaultConfigurationName = Release;
		};
		D7620D10266E903B00D8F30D /* Build configuration list for PBXNativeTarget "iOS10MessageSharing" */ = {
			isa = XCConfigurationList;
			buildConfigurations = (
				D7620D11266E903B00D8F30D /* Debug */,
				D7620D12266E903B00D8F30D /* Release */,
			);
			defaultConfigurationIsVisible = 0;
			defaultConfigurationName = Release;
		};
/* End XCConfigurationList section */
	};
	rootObject = D7620CEF266E903900D8F30D /* Project object */;
}
