// !$*UTF8*$!
{
	archiveVersion = 1;
	classes = {
	};
	objectVersion = 50;
	objects = {

/* Begin PBXBuildFile section */
		D7F12C822368865400CD5189 /* AppDelegate.swift in Sources */ = {isa = PBXBuildFile; fileRef = D7F12C812368865400CD5189 /* AppDelegate.swift */; };
		D7F12C842368865400CD5189 /* ViewController.swift in Sources */ = {isa = PBXBuildFile; fileRef = D7F12C832368865400CD5189 /* ViewController.swift */; };
		D7F12C872368865400CD5189 /* Main.storyboard in Resources */ = {isa = PBXBuildFile; fileRef = D7F12C852368865400CD5189 /* Main.storyboard */; };
		D7F12C892368865400CD5189 /* Assets.xcassets in Resources */ = {isa = PBXBuildFile; fileRef = D7F12C882368865400CD5189 /* Assets.xcassets */; };
		D7F12C8C2368865400CD5189 /* LaunchScreen.storyboard in Resources */ = {isa = PBXBuildFile; fileRef = D7F12C8A2368865400CD5189 /* LaunchScreen.storyboard */; };
		D7F12C942368868300CD5189 /* SandboxCell.swift in Sources */ = {isa = PBXBuildFile; fileRef = D7F12C932368868300CD5189 /* SandboxCell.swift */; };
/* End PBXBuildFile section */

/* Begin PBXFileReference section */
		D7F12C7E2368865400CD5189 /* ResizeTableViewCellSubviewsWithAnimation.app */ = {isa = PBXFileReference; explicitFileType = wrapper.application; includeInIndex = 0; path = ResizeTableViewCellSubviewsWithAnimation.app; sourceTree = BUILT_PRODUCTS_DIR; };
		D7F12C812368865400CD5189 /* AppDelegate.swift */ = {isa = PBXFileReference; lastKnownFileType = sourcecode.swift; path = AppDelegate.swift; sourceTree = "<group>"; };
		D7F12C832368865400CD5189 /* ViewController.swift */ = {isa = PBXFileReference; lastKnownFileType = sourcecode.swift; path = ViewController.swift; sourceTree = "<group>"; };
		D7F12C862368865400CD5189 /* Base */ = {isa = PBXFileReference; lastKnownFileType = file.storyboard; name = Base; path = Base.lproj/Main.storyboard; sourceTree = "<group>"; };
		D7F12C882368865400CD5189 /* Assets.xcassets */ = {isa = PBXFileReference; lastKnownFileType = folder.assetcatalog; path = Assets.xcassets; sourceTree = "<group>"; };
		D7F12C8B2368865400CD5189 /* Base */ = {isa = PBXFileReference; lastKnownFileType = file.storyboard; name = Base; path = Base.lproj/LaunchScreen.storyboard; sourceTree = "<group>"; };
		D7F12C8D2368865400CD5189 /* Info.plist */ = {isa = PBXFileReference; lastKnownFileType = text.plist.xml; path = Info.plist; sourceTree = "<group>"; };
		D7F12C932368868300CD5189 /* SandboxCell.swift */ = {isa = PBXFileReference; lastKnownFileType = sourcecode.swift; path = SandboxCell.swift; sourceTree = "<group>"; };
/* End PBXFileReference section */

/* Begin PBXFrameworksBuildPhase section */
		D7F12C7B2368865400CD5189 /* Frameworks */ = {
			isa = PBXFrameworksBuildPhase;
			buildActionMask = 2147483647;
			files = (
			);
			runOnlyForDeploymentPostprocessing = 0;
		};
/* End PBXFrameworksBuildPhase section */

/* Begin PBXGroup section */
		D7F12C752368865400CD5189 = {
			isa = PBXGroup;
			children = (
				D7F12C802368865400CD5189 /* ResizeTableViewCellSubviewsWithAnimation */,
				D7F12C7F2368865400CD5189 /* Products */,
			);
			sourceTree = "<group>";
		};
		D7F12C7F2368865400CD5189 /* Products */ = {
			isa = PBXGroup;
			children = (
				D7F12C7E2368865400CD5189 /* ResizeTableViewCellSubviewsWithAnimation.app */,
			);
			name = Products;
			sourceTree = "<group>";
		};
		D7F12C802368865400CD5189 /* ResizeTableViewCellSubviewsWithAnimation */ = {
			isa = PBXGroup;
			children = (
				D7F12C812368865400CD5189 /* AppDelegate.swift */,
				D7F12C832368865400CD5189 /* ViewController.swift */,
				D7F12C932368868300CD5189 /* SandboxCell.swift */,
				D7F12C852368865400CD5189 /* Main.storyboard */,
				D7F12C882368865400CD5189 /* Assets.xcassets */,
				D7F12C8A2368865400CD5189 /* LaunchScreen.storyboard */,
				D7F12C8D2368865400CD5189 /* Info.plist */,
			);
			path = ResizeTableViewCellSubviewsWithAnimation;
			sourceTree = "<group>";
		};
/* End PBXGroup section */

/* Begin PBXNativeTarget section */
		D7F12C7D2368865400CD5189 /* ResizeTableViewCellSubviewsWithAnimation */ = {
			isa = PBXNativeTarget;
			buildConfigurationList = D7F12C902368865400CD5189 /* Build configuration list for PBXNativeTarget "ResizeTableViewCellSubviewsWithAnimation" */;
			buildPhases = (
				D7F12C7A2368865400CD5189 /* Sources */,
				D7F12C7B2368865400CD5189 /* Frameworks */,
				D7F12C7C2368865400CD5189 /* Resources */,
			);
			buildRules = (
			);
			dependencies = (
			);
			name = ResizeTableViewCellSubviewsWithAnimation;
			productName = ResizeTableViewCellSubviewsWithAnimation;
			productReference = D7F12C7E2368865400CD5189 /* ResizeTableViewCellSubviewsWithAnimation.app */;
			productType = "com.apple.product-type.application";
		};
/* End PBXNativeTarget section */

/* Begin PBXProject section */
		D7F12C762368865400CD5189 /* Project object */ = {
			isa = PBXProject;
			attributes = {
				LastSwiftUpdateCheck = 1020;
				LastUpgradeCheck = 1020;
				ORGANIZATIONNAME = acruis;
				TargetAttributes = {
					D7F12C7D2368865400CD5189 = {
						CreatedOnToolsVersion = 10.2.1;
					};
				};
			};
			buildConfigurationList = D7F12C792368865400CD5189 /* Build configuration list for PBXProject "ResizeTableViewCellSubviewsWithAnimation" */;
			compatibilityVersion = "Xcode 9.3";
			developmentRegion = en;
			hasScannedForEncodings = 0;
			knownRegions = (
				en,
				Base,
			);
			mainGroup = D7F12C752368865400CD5189;
			productRefGroup = D7F12C7F2368865400CD5189 /* Products */;
			projectDirPath = "";
			projectRoot = "";
			targets = (
				D7F12C7D2368865400CD5189 /* ResizeTableViewCellSubviewsWithAnimation */,
			);
		};
/* End PBXProject section */

/* Begin PBXResourcesBuildPhase section */
		D7F12C7C2368865400CD5189 /* Resources */ = {
			isa = PBXResourcesBuildPhase;
			buildActionMask = 2147483647;
			files = (
				D7F12C8C2368865400CD5189 /* LaunchScreen.storyboard in Resources */,
				D7F12C892368865400CD5189 /* Assets.xcassets in Resources */,
				D7F12C872368865400CD5189 /* Main.storyboard in Resources */,
			);
			runOnlyForDeploymentPostprocessing = 0;
		};
/* End PBXResourcesBuildPhase section */

/* Begin PBXSourcesBuildPhase section */
		D7F12C7A2368865400CD5189 /* Sources */ = {
			isa = PBXSourcesBuildPhase;
			buildActionMask = 2147483647;
			files = (
				D7F12C942368868300CD5189 /* SandboxCell.swift in Sources */,
				D7F12C842368865400CD5189 /* ViewController.swift in Sources */,
				D7F12C822368865400CD5189 /* AppDelegate.swift in Sources */,
			);
			runOnlyForDeploymentPostprocessing = 0;
		};
/* End PBXSourcesBuildPhase section */

/* Begin PBXVariantGroup section */
		D7F12C852368865400CD5189 /* Main.storyboard */ = {
			isa = PBXVariantGroup;
			children = (
				D7F12C862368865400CD5189 /* Base */,
			);
			name = Main.storyboard;
			sourceTree = "<group>";
		};
		D7F12C8A2368865400CD5189 /* LaunchScreen.storyboard */ = {
			isa = PBXVariantGroup;
			children = (
				D7F12C8B2368865400CD5189 /* Base */,
			);
			name = LaunchScreen.storyboard;
			sourceTree = "<group>";
		};
/* End PBXVariantGroup section */

/* Begin XCBuildConfiguration section */
		D7F12C8E2368865400CD5189 /* Debug */ = {
			isa = XCBuildConfiguration;
			buildSettings = {
				ALWAYS_SEARCH_USER_PATHS = NO;
				CLANG_ANALYZER_NONNULL = YES;
				CLANG_ANALYZER_NUMBER_OBJECT_CONVERSION = YES_AGGRESSIVE;
				CLANG_CXX_LANGUAGE_STANDARD = "gnu++14";
				CLANG_CXX_LIBRARY = "libc++";
				CLANG_ENABLE_MODULES = YES;
				CLANG_ENABLE_OBJC_ARC = YES;
				CLANG_ENABLE_OBJC_WEAK = YES;
				CLANG_WARN_BLOCK_CAPTURE_AUTORELEASING = YES;
				CLANG_WARN_BOOL_CONVERSION = YES;
				CLANG_WARN_COMMA = YES;
				CLANG_WARN_CONSTANT_CONVERSION = YES;
				CLANG_WARN_DEPRECATED_OBJC_IMPLEMENTATIONS = YES;
				CLANG_WARN_DIRECT_OBJC_ISA_USAGE = YES_ERROR;
				CLANG_WARN_DOCUMENTATION_COMMENTS = YES;
				CLANG_WARN_EMPTY_BODY = YES;
				CLANG_WARN_ENUM_CONVERSION = YES;
				CLANG_WARN_INFINITE_RECURSION = YES;
				CLANG_WARN_INT_CONVERSION = YES;
				CLANG_WARN_NON_LITERAL_NULL_CONVERSION = YES;
				CLANG_WARN_OBJC_IMPLICIT_RETAIN_SELF = YES;
				CLANG_WARN_OBJC_LITERAL_CONVERSION = YES;
				CLANG_WARN_OBJC_ROOT_CLASS = YES_ERROR;
				CLANG_WARN_RANGE_LOOP_ANALYSIS = YES;
				CLANG_WARN_STRICT_PROTOTYPES = YES;
				CLANG_WARN_SUSPICIOUS_MOVE = YES;
				CLANG_WARN_UNGUARDED_AVAILABILITY = YES_AGGRESSIVE;
				CLANG_WARN_UNREACHABLE_CODE = YES;
				CLANG_WARN__DUPLICATE_METHOD_MATCH = YES;
				CODE_SIGN_IDENTITY = "iPhone Developer";
				COPY_PHASE_STRIP = NO;
				DEBUG_INFORMATION_FORMAT = dwarf;
				ENABLE_STRICT_OBJC_MSGSEND = YES;
				ENABLE_TESTABILITY = YES;
				GCC_C_LANGUAGE_STANDARD = gnu11;
				GCC_DYNAMIC_NO_PIC = NO;
				GCC_NO_COMMON_BLOCKS = YES;
				GCC_OPTIMIZATION_LEVEL = 0;
				GCC_PREPROCESSOR_DEFINITIONS = (
					"DEBUG=1",
					"$(inherited)",
				);
				GCC_WARN_64_TO_32_BIT_CONVERSION = YES;
				GCC_WARN_ABOUT_RETURN_TYPE = YES_ERROR;
				GCC_WARN_UNDECLARED_SELECTOR = YES;
				GCC_WARN_UNINITIALIZED_AUTOS = YES_AGGRESSIVE;
				GCC_WARN_UNUSED_FUNCTION = YES;
				GCC_WARN_UNUSED_VARIABLE = YES;
				IPHONEOS_DEPLOYMENT_TARGET = 12.2;
				MTL_ENABLE_DEBUG_INFO = INCLUDE_SOURCE;
				MTL_FAST_MATH = YES;
				ONLY_ACTIVE_ARCH = YES;
				SDKROOT = iphoneos;
				SWIFT_ACTIVE_COMPILATION_CONDITIONS = DEBUG;
				SWIFT_OPTIMIZATION_LEVEL = "-Onone";
			};
			name = Debug;
		};
		D7F12C8F2368865400CD5189 /* Release */ = {
			isa = XCBuildConfiguration;
			buildSettings = {
				ALWAYS_SEARCH_USER_PATHS = NO;
				CLANG_ANALYZER_NONNULL = YES;
				CLANG_ANALYZER_NUMBER_OBJECT_CONVERSION = YES_AGGRESSIVE;
				CLANG_CXX_LANGUAGE_STANDARD = "gnu++14";
				CLANG_CXX_LIBRARY = "libc++";
				CLANG_ENABLE_MODULES = YES;
				CLANG_ENABLE_OBJC_ARC = YES;
				CLANG_ENABLE_OBJC_WEAK = YES;
				CLANG_WARN_BLOCK_CAPTURE_AUTORELEASING = YES;
				CLANG_WARN_BOOL_CONVERSION = YES;
				CLANG_WARN_COMMA = YES;
				CLANG_WARN_CONSTANT_CONVERSION = YES;
				CLANG_WARN_DEPRECATED_OBJC_IMPLEMENTATIONS = YES;
				CLANG_WARN_DIRECT_OBJC_ISA_USAGE = YES_ERROR;
				CLANG_WARN_DOCUMENTATION_COMMENTS = YES;
				CLANG_WARN_EMPTY_BODY = YES;
				CLANG_WARN_ENUM_CONVERSION = YES;
				CLANG_WARN_INFINITE_RECURSION = YES;
				CLANG_WARN_INT_CONVERSION = YES;
				CLANG_WARN_NON_LITERAL_NULL_CONVERSION = YES;
				CLANG_WARN_OBJC_IMPLICIT_RETAIN_SELF = YES;
				CLANG_WARN_OBJC_LITERAL_CONVERSION = YES;
				CLANG_WARN_OBJC_ROOT_CLASS = YES_ERROR;
				CLANG_WARN_RANGE_LOOP_ANALYSIS = YES;
				CLANG_WARN_STRICT_PROTOTYPES = YES;
				CLANG_WARN_SUSPICIOUS_MOVE = YES;
				CLANG_WARN_UNGUARDED_AVAILABILITY = YES_AGGRESSIVE;
				CLANG_WARN_UNREACHABLE_CODE = YES;
				CLANG_WARN__DUPLICATE_METHOD_MATCH = YES;
				CODE_SIGN_IDENTITY = "iPhone Developer";
				COPY_PHASE_STRIP = NO;
				DEBUG_INFORMATION_FORMAT = "dwarf-with-dsym";
				ENABLE_NS_ASSERTIONS = NO;
				ENABLE_STRICT_OBJC_MSGSEND = YES;
				GCC_C_LANGUAGE_STANDARD = gnu11;
				GCC_NO_COMMON_BLOCKS = YES;
				GCC_WARN_64_TO_32_BIT_CONVERSION = YES;
				GCC_WARN_ABOUT_RETURN_TYPE = YES_ERROR;
				GCC_WARN_UNDECLARED_SELECTOR = YES;
				GCC_WARN_UNINITIALIZED_AUTOS = YES_AGGRESSIVE;
				GCC_WARN_UNUSED_FUNCTION = YES;
				GCC_WARN_UNUSED_VARIABLE = YES;
				IPHONEOS_DEPLOYMENT_TARGET = 12.2;
				MTL_ENABLE_DEBUG_INFO = NO;
				MTL_FAST_MATH = YES;
				SDKROOT = iphoneos;
				SWIFT_COMPILATION_MODE = wholemodule;
				SWIFT_OPTIMIZATION_LEVEL = "-O";
				VALIDATE_PRODUCT = YES;
			};
			name = Release;
		};
		D7F12C912368865400CD5189 /* Debug */ = {
			isa = XCBuildConfiguration;
			buildSettings = {
				ASSETCATALOG_COMPILER_APPICON_NAME = AppIcon;
				CODE_SIGN_STYLE = Manual;
				DEVELOPMENT_TEAM = "";
				INFOPLIST_FILE = ResizeTableViewCellSubviewsWithAnimation/Info.plist;
				IPHONEOS_DEPLOYMENT_TARGET = 9.0;
				LD_RUNPATH_SEARCH_PATHS = (
					"$(inherited)",
					"@executable_path/Frameworks",
				);
				PRODUCT_BUNDLE_IDENTIFIER = acruis.ResizeTableViewCellSubviewsWithAnimation;
				PRODUCT_NAME = "$(TARGET_NAME)";
				PROVISIONING_PROFILE_SPECIFIER = "";
				SWIFT_VERSION = 5.0;
				TARGETED_DEVICE_FAMILY = 1;
			};
			name = Debug;
		};
		D7F12C922368865400CD5189 /* Release */ = {
			isa = XCBuildConfiguration;
			buildSettings = {
				ASSETCATALOG_COMPILER_APPICON_NAME = AppIcon;
				CODE_SIGN_STYLE = Manual;
				DEVELOPMENT_TEAM = "";
				INFOPLIST_FILE = ResizeTableViewCellSubviewsWithAnimation/Info.plist;
				IPHONEOS_DEPLOYMENT_TARGET = 9.0;
				LD_RUNPATH_SEARCH_PATHS = (
					"$(inherited)",
					"@executable_path/Frameworks",
				);
				PRODUCT_BUNDLE_IDENTIFIER = acruis.ResizeTableViewCellSubviewsWithAnimation;
				PRODUCT_NAME = "$(TARGET_NAME)";
				PROVISIONING_PROFILE_SPECIFIER = "";
				SWIFT_VERSION = 5.0;
				TARGETED_DEVICE_FAMILY = 1;
			};
			name = Release;
		};
/* End XCBuildConfiguration section */

/* Begin XCConfigurationList section */
		D7F12C792368865400CD5189 /* Build configuration list for PBXProject "ResizeTableViewCellSubviewsWithAnimation" */ = {
			isa = XCConfigurationList;
			buildConfigurations = (
				D7F12C8E2368865400CD5189 /* Debug */,
				D7F12C8F2368865400CD5189 /* Release */,
			);
			defaultConfigurationIsVisible = 0;
			defaultConfigurationName = Release;
		};
		D7F12C902368865400CD5189 /* Build configuration list for PBXNativeTarget "ResizeTableViewCellSubviewsWithAnimation" */ = {
			isa = XCConfigurationList;
			buildConfigurations = (
				D7F12C912368865400CD5189 /* Debug */,
				D7F12C922368865400CD5189 /* Release */,
			);
			defaultConfigurationIsVisible = 0;
			defaultConfigurationName = Release;
		};
/* End XCConfigurationList section */
	};
	rootObject = D7F12C762368865400CD5189 /* Project object */;
}
